
Microsoft Visual Studio Solution File, Format Version 12.00
# Visual Studio Version 17
VisualStudioVersion = 17.9.34622.214
MinimumVisualStudioVersion = 10.0.40219.1
Project("{FAE04EC0-301F-11D3-BF4B-00C04F79EFBC}") = "HW01", "HW01\HW01.csproj", "{9631566F-B8C7-41CC-A468-B5FC8FFC7281}"
EndProject
Project("{FAE04EC0-301F-11D3-BF4B-00C04F79EFBC}") = "HW02", "HW02\HW02.csproj", "{3CBB6CBA-7A5D-42BE-A08B-05EA8677528C}"
EndProject
Global
	GlobalSection(SolutionConfigurationPlatforms) = preSolution
		Debug|Any CPU = Debug|Any CPU
		Release|Any CPU = Release|Any CPU
	EndGlobalSection
	GlobalSection(ProjectConfigurationPlatforms) = postSolution
		{9631566F-B8C7-41CC-A468-B5FC8FFC7281}.Debug|Any CPU.ActiveCfg = Debug|Any CPU
		{9631566F-B8C7-41CC-A468-B5FC8FFC7281}.Debug|Any CPU.Build.0 = Debug|Any CPU
		{9631566F-B8C7-41CC-A468-B5FC8FFC7281}.Release|Any CPU.ActiveCfg = Release|Any CPU
		{9631566F-B8C7-41CC-A468-B5FC8FFC7281}.Release|Any CPU.Build.0 = Release|Any CPU
		{3CBB6CBA-7A5D-42BE-A08B-05EA8677528C}.Debug|Any CPU.ActiveCfg = Debug|Any CPU
		{3CBB6CBA-7A5D-42BE-A08B-05EA8677528C}.Debug|Any CPU.Build.0 = Debug|Any CPU
		{3CBB6CBA-7A5D-42BE-A08B-05EA8677528C}.Release|Any CPU.ActiveCfg = Release|Any CPU
		{3CBB6CBA-7A5D-42BE-A08B-05EA8677528C}.Release|Any CPU.Build.0 = Release|Any CPU
	EndGlobalSection
	GlobalSection(SolutionProperties) = preSolution
		HideSolutionNode = FALSE
	EndGlobalSection
	GlobalSection(ExtensibilityGlobals) = postSolution
		SolutionGuid = {8033AA06-44D7-4851-9169-E3F86D51961E}
	EndGlobalSection
EndGlobal
