
Microsoft Visual Studio Solution File, Format Version 12.00
# Visual Studio Version 17
VisualStudioVersion = 17.9.34622.214
MinimumVisualStudioVersion = 10.0.40219.1
Project("{FAE04EC0-301F-11D3-BF4B-00C04F79EFBC}") = "HW01", "HW01\HW01.csproj", "{F6B362E8-9EED-4A4A-9B25-DC22892BCA08}"
EndProject
Project("{FAE04EC0-301F-11D3-BF4B-00C04F79EFBC}") = "HW02", "HW02\HW02.csproj", "{9051F0B0-AD18-4C2A-ADD0-65299F76F82D}"
EndProject
Global
	GlobalSection(SolutionConfigurationPlatforms) = preSolution
		Debug|Any CPU = Debug|Any CPU
		Release|Any CPU = Release|Any CPU
	EndGlobalSection
	GlobalSection(ProjectConfigurationPlatforms) = postSolution
		{F6B362E8-9EED-4A4A-9B25-DC22892BCA08}.Debug|Any CPU.ActiveCfg = Debug|Any CPU
		{F6B362E8-9EED-4A4A-9B25-DC22892BCA08}.Debug|Any CPU.Build.0 = Debug|Any CPU
		{F6B362E8-9EED-4A4A-9B25-DC22892BCA08}.Release|Any CPU.ActiveCfg = Release|Any CPU
		{F6B362E8-9EED-4A4A-9B25-DC22892BCA08}.Release|Any CPU.Build.0 = Release|Any CPU
		{9051F0B0-AD18-4C2A-ADD0-65299F76F82D}.Debug|Any CPU.ActiveCfg = Debug|Any CPU
		{9051F0B0-AD18-4C2A-ADD0-65299F76F82D}.Debug|Any CPU.Build.0 = Debug|Any CPU
		{9051F0B0-AD18-4C2A-ADD0-65299F76F82D}.Release|Any CPU.ActiveCfg = Release|Any CPU
		{9051F0B0-AD18-4C2A-ADD0-65299F76F82D}.Release|Any CPU.Build.0 = Release|Any CPU
	EndGlobalSection
	GlobalSection(SolutionProperties) = preSolution
		HideSolutionNode = FALSE
	EndGlobalSection
	GlobalSection(ExtensibilityGlobals) = postSolution
		SolutionGuid = {B049BB0B-80A8-4AA6-9EA8-D7C68E4F51AB}
	EndGlobalSection
EndGlobal
