
Microsoft Visual Studio Solution File, Format Version 12.00
# Visual Studio Version 17
VisualStudioVersion = 17.9.34622.214
MinimumVisualStudioVersion = 10.0.40219.1
Project("{FAE04EC0-301F-11D3-BF4B-00C04F79EFBC}") = "HW01", "HW01\HW01.csproj", "{EE84C935-45BE-409B-975E-5D642C5C1AA1}"
EndProject
Project("{FAE04EC0-301F-11D3-BF4B-00C04F79EFBC}") = "HW02", "HW02\HW02.csproj", "{3816FC12-6E40-4723-A569-E86BCA1B1670}"
EndProject
Project("{FAE04EC0-301F-11D3-BF4B-00C04F79EFBC}") = "HW03", "HW03\HW03.csproj", "{97471AD4-9338-4BBA-AE44-F1BE638D6818}"
EndProject
Global
	GlobalSection(SolutionConfigurationPlatforms) = preSolution
		Debug|Any CPU = Debug|Any CPU
		Release|Any CPU = Release|Any CPU
	EndGlobalSection
	GlobalSection(ProjectConfigurationPlatforms) = postSolution
		{EE84C935-45BE-409B-975E-5D642C5C1AA1}.Debug|Any CPU.ActiveCfg = Debug|Any CPU
		{EE84C935-45BE-409B-975E-5D642C5C1AA1}.Debug|Any CPU.Build.0 = Debug|Any CPU
		{EE84C935-45BE-409B-975E-5D642C5C1AA1}.Release|Any CPU.ActiveCfg = Release|Any CPU
		{EE84C935-45BE-409B-975E-5D642C5C1AA1}.Release|Any CPU.Build.0 = Release|Any CPU
		{3816FC12-6E40-4723-A569-E86BCA1B1670}.Debug|Any CPU.ActiveCfg = Debug|Any CPU
		{3816FC12-6E40-4723-A569-E86BCA1B1670}.Debug|Any CPU.Build.0 = Debug|Any CPU
		{3816FC12-6E40-4723-A569-E86BCA1B1670}.Release|Any CPU.ActiveCfg = Release|Any CPU
		{3816FC12-6E40-4723-A569-E86BCA1B1670}.Release|Any CPU.Build.0 = Release|Any CPU
		{97471AD4-9338-4BBA-AE44-F1BE638D6818}.Debug|Any CPU.ActiveCfg = Debug|Any CPU
		{97471AD4-9338-4BBA-AE44-F1BE638D6818}.Debug|Any CPU.Build.0 = Debug|Any CPU
		{97471AD4-9338-4BBA-AE44-F1BE638D6818}.Release|Any CPU.ActiveCfg = Release|Any CPU
		{97471AD4-9338-4BBA-AE44-F1BE638D6818}.Release|Any CPU.Build.0 = Release|Any CPU
	EndGlobalSection
	GlobalSection(SolutionProperties) = preSolution
		HideSolutionNode = FALSE
	EndGlobalSection
	GlobalSection(ExtensibilityGlobals) = postSolution
		SolutionGuid = {1EA553A6-FE9D-404C-A564-ADA54C890CD2}
	EndGlobalSection
EndGlobal
